
Microsoft Visual Studio Solution File, Format Version 12.00
# Visual Studio 15
Project("{FAE04EC0-301F-11D3-BF4B-00C04F79EFBC}") = "Assembly-CSharp", "Assembly-CSharp.csproj", "{99FB8474-FB7C-8C32-A870-58C3F223712A}"
EndProject
Project("{FAE04EC0-301F-11D3-BF4B-00C04F79EFBC}") = "Assembly-CSharp-Editor", "Assembly-CSharp-Editor.csproj", "{70FB0F38-DF72-30CA-DB08-F644DC4777E7}"
EndProject
Global
	GlobalSection(SolutionConfigurationPlatforms) = preSolution
		Debug|Any CPU = Debug|Any CPU
		Release|Any CPU = Release|Any CPU
	EndGlobalSection
	GlobalSection(ProjectConfigurationPlatforms) = postSolution
		{99FB8474-FB7C-8C32-A870-58C3F223712A}.Debug|Any CPU.ActiveCfg = Debug|Any CPU
		{99FB8474-FB7C-8C32-A870-58C3F223712A}.Debug|Any CPU.Build.0 = Debug|Any CPU
		{99FB8474-FB7C-8C32-A870-58C3F223712A}.Release|Any CPU.ActiveCfg = Release|Any CPU
		{99FB8474-FB7C-8C32-A870-58C3F223712A}.Release|Any CPU.Build.0 = Release|Any CPU
		{70FB0F38-DF72-30CA-DB08-F644DC4777E7}.Debug|Any CPU.ActiveCfg = Debug|Any CPU
		{70FB0F38-DF72-30CA-DB08-F644DC4777E7}.Debug|Any CPU.Build.0 = Debug|Any CPU
		{70FB0F38-DF72-30CA-DB08-F644DC4777E7}.Release|Any CPU.ActiveCfg = Release|Any CPU
		{70FB0F38-DF72-30CA-DB08-F644DC4777E7}.Release|Any CPU.Build.0 = Release|Any CPU
	EndGlobalSection
	GlobalSection(SolutionProperties) = preSolution
		HideSolutionNode = FALSE
	EndGlobalSection
EndGlobal
